// !$*UTF8*$!
{
	archiveVersion = 1;
	classes = {
	};
	objectVersion = 46;
	objects = {

/* Begin PBXBuildFile section */
		3956EE761F6EA76200A7C70B /* ItemListTableViewCell.swift in Sources */ = {isa = PBXBuildFile; fileRef = 3956EE751F6EA76200A7C70B /* ItemListTableViewCell.swift */; };
		39934AED1F6CA6A3000EFC36 /* ItemListCollectionViewCell.swift in Sources */ = {isa = PBXBuildFile; fileRef = 39934AEC1F6CA6A3000EFC36 /* ItemListCollectionViewCell.swift */; };
		39934AEF1F6D38A5000EFC36 /* NavigatorService.swift in Sources */ = {isa = PBXBuildFile; fileRef = 39934AEE1F6D38A5000EFC36 /* NavigatorService.swift */; };
		39934AF51F6D6CF3000EFC36 /* ItemListViewController.swift in Sources */ = {isa = PBXBuildFile; fileRef = 39934AF41F6D6CF3000EFC36 /* ItemListViewController.swift */; };
		39934AF71F6DF4D6000EFC36 /* MovieDetailViewController.swift in Sources */ = {isa = PBXBuildFile; fileRef = 39934AF61F6DF4D6000EFC36 /* MovieDetailViewController.swift */; };
		39934AFD1F6DFC30000EFC36 /* PeopleDetailViewController.swift in Sources */ = {isa = PBXBuildFile; fileRef = 39934AFC1F6DFC30000EFC36 /* PeopleDetailViewController.swift */; };
		39934B0D1F6E04AD000EFC36 /* DiscoverTableViewCellViewModel.swift in Sources */ = {isa = PBXBuildFile; fileRef = 39934B051F6E04AC000EFC36 /* DiscoverTableViewCellViewModel.swift */; };
		39934B0E1F6E04AD000EFC36 /* ItemListCollectionViewCellViewModel.swift in Sources */ = {isa = PBXBuildFile; fileRef = 39934B061F6E04AC000EFC36 /* ItemListCollectionViewCellViewModel.swift */; };
		39934B101F6E04AD000EFC36 /* DiscoverViewModel.swift in Sources */ = {isa = PBXBuildFile; fileRef = 39934B091F6E04AC000EFC36 /* DiscoverViewModel.swift */; };
		39934B111F6E04AD000EFC36 /* MovieDetailViewModel.swift in Sources */ = {isa = PBXBuildFile; fileRef = 39934B0A1F6E04AC000EFC36 /* MovieDetailViewModel.swift */; };
		39934B121F6E04AD000EFC36 /* ItemListViewModel.swift in Sources */ = {isa = PBXBuildFile; fileRef = 39934B0B1F6E04AC000EFC36 /* ItemListViewModel.swift */; };
		39934B151F6E0527000EFC36 /* PopleDetailViewModel.swift in Sources */ = {isa = PBXBuildFile; fileRef = 39934B141F6E0527000EFC36 /* PopleDetailViewModel.swift */; };
		39934B1C1F6E0714000EFC36 /* SearchViewModel.swift in Sources */ = {isa = PBXBuildFile; fileRef = 39934B1B1F6E0714000EFC36 /* SearchViewModel.swift */; };
		39934B1E1F6E074C000EFC36 /* SearchModels.swift in Sources */ = {isa = PBXBuildFile; fileRef = 39934B1D1F6E074C000EFC36 /* SearchModels.swift */; };
		39F6C9B71F6EA9170046B98C /* ItemListTableViewCellViewModel.swift in Sources */ = {isa = PBXBuildFile; fileRef = 39F6C9B61F6EA9170046B98C /* ItemListTableViewCellViewModel.swift */; };
		8511EF321F67CF6600485EDB /* Assets.xcassets in Resources */ = {isa = PBXBuildFile; fileRef = 8511EF311F67CF6600485EDB /* Assets.xcassets */; };
		8511EF351F67CF6600485EDB /* LaunchScreen.storyboard in Resources */ = {isa = PBXBuildFile; fileRef = 8511EF331F67CF6600485EDB /* LaunchScreen.storyboard */; };
		8511EF401F67CF6700485EDB /* MovieDisplayTests.swift in Sources */ = {isa = PBXBuildFile; fileRef = 8511EF3F1F67CF6700485EDB /* MovieDisplayTests.swift */; };
		8511EF521F67D19300485EDB /* AppDelegate.swift in Sources */ = {isa = PBXBuildFile; fileRef = 8511EF511F67D19300485EDB /* AppDelegate.swift */; };
		8511EF541F67D1BB00485EDB /* RootViewController.swift in Sources */ = {isa = PBXBuildFile; fileRef = 8511EF531F67D1BB00485EDB /* RootViewController.swift */; };
		8511EF5E1F67DE3D00485EDB /* Marco.swift in Sources */ = {isa = PBXBuildFile; fileRef = 8511EF5D1F67DE3D00485EDB /* Marco.swift */; };
		8511EF601F67E86500485EDB /* APIService.swift in Sources */ = {isa = PBXBuildFile; fileRef = 8511EF5F1F67E86500485EDB /* APIService.swift */; };
		852404721F72125600318F74 /* UIView+extension.swift in Sources */ = {isa = PBXBuildFile; fileRef = 852404711F72125600318F74 /* UIView+extension.swift */; };
		8525F3761F7253CC003E96A0 /* OverviewTableViewCell.swift in Sources */ = {isa = PBXBuildFile; fileRef = 8525F3751F7253CC003E96A0 /* OverviewTableViewCell.swift */; };
		8525F3781F727087003E96A0 /* ViewItemModels.swift in Sources */ = {isa = PBXBuildFile; fileRef = 8525F3771F727087003E96A0 /* ViewItemModels.swift */; };
		85D980391F70F90D001AF3F4 /* BasicUIScrollViewController.swift in Sources */ = {isa = PBXBuildFile; fileRef = 85D980371F70F90C001AF3F4 /* BasicUIScrollViewController.swift */; };
		85E4EBDD1F6A2B200023ACBA /* Account.swift in Sources */ = {isa = PBXBuildFile; fileRef = 85E4EBDC1F6A2B200023ACBA /* Account.swift */; };
		85E4EBDF1F6A2BAB0023ACBA /* Files.swift in Sources */ = {isa = PBXBuildFile; fileRef = 85E4EBDE1F6A2BAB0023ACBA /* Files.swift */; };
		85E4EBE21F6A54670023ACBA /* WebViewController.swift in Sources */ = {isa = PBXBuildFile; fileRef = 85E4EBE11F6A54670023ACBA /* WebViewController.swift */; };
		85E4EBE91F6A6A980023ACBA /* DiscoverViewController.swift in Sources */ = {isa = PBXBuildFile; fileRef = 85E4EBE61F6A6A980023ACBA /* DiscoverViewController.swift */; };
		85E4EBF11F6A6AAE0023ACBA /* MyTMDbViewModel.swift in Sources */ = {isa = PBXBuildFile; fileRef = 85E4EBEC1F6A6AAD0023ACBA /* MyTMDbViewModel.swift */; };
		85E4EBF21F6A6AAE0023ACBA /* MyTMDbViewController.swift in Sources */ = {isa = PBXBuildFile; fileRef = 85E4EBEE1F6A6AAE0023ACBA /* MyTMDbViewController.swift */; };
		85E4EBF81F6A6ABF0023ACBA /* SearchViewController.swift in Sources */ = {isa = PBXBuildFile; fileRef = 85E4EBF61F6A6ABE0023ACBA /* SearchViewController.swift */; };
		85E4EBFC1F6A6E8D0023ACBA /* DiscoverDataModels.swift in Sources */ = {isa = PBXBuildFile; fileRef = 85E4EBFB1F6A6E8D0023ACBA /* DiscoverDataModels.swift */; };
		85E4EBFE1F6B611B0023ACBA /* DiscoverCollectionViewCell.swift in Sources */ = {isa = PBXBuildFile; fileRef = 85E4EBFD1F6B611B0023ACBA /* DiscoverCollectionViewCell.swift */; };
		85E4EC001F6B64780023ACBA /* ImageUrl.swift in Sources */ = {isa = PBXBuildFile; fileRef = 85E4EBFF1F6B64780023ACBA /* ImageUrl.swift */; };
		85E4EC031F6B70A00023ACBA /* String+extension.swift in Sources */ = {isa = PBXBuildFile; fileRef = 85E4EC021F6B70A00023ACBA /* String+extension.swift */; };
		85E4EC051F6B85060023ACBA /* DiscoverTableViewCell.swift in Sources */ = {isa = PBXBuildFile; fileRef = 85E4EC041F6B85060023ACBA /* DiscoverTableViewCell.swift */; };
		85E4EC081F6BB8C00023ACBA /* Protocols.swift in Sources */ = {isa = PBXBuildFile; fileRef = 85E4EC071F6BB8C00023ACBA /* Protocols.swift */; };
		85FF5C221F6901E700AEB846 /* ProgressView.swift in Sources */ = {isa = PBXBuildFile; fileRef = 85FF5C211F6901E700AEB846 /* ProgressView.swift */; };
		F7DC5C2987259128B940ABBE /* Pods_MovieDisplay.framework in Frameworks */ = {isa = PBXBuildFile; fileRef = 5CA5A411A1BDBE0267E99DB5 /* Pods_MovieDisplay.framework */; };
/* End PBXBuildFile section */

/* Begin PBXContainerItemProxy section */
		8511EF3C1F67CF6700485EDB /* PBXContainerItemProxy */ = {
			isa = PBXContainerItemProxy;
			containerPortal = 8511EF1F1F67CF6600485EDB /* Project object */;
			proxyType = 1;
			remoteGlobalIDString = 8511EF261F67CF6600485EDB;
			remoteInfo = MovieDisplay;
		};
/* End PBXContainerItemProxy section */

/* Begin PBXFileReference section */
		2107E7863284BD1E71A394A5 /* Pods-MovieDisplay.debug.xcconfig */ = {isa = PBXFileReference; includeInIndex = 1; lastKnownFileType = text.xcconfig; name = "Pods-MovieDisplay.debug.xcconfig"; path = "Pods/Target Support Files/Pods-MovieDisplay/Pods-MovieDisplay.debug.xcconfig"; sourceTree = "<group>"; };
		3956EE751F6EA76200A7C70B /* ItemListTableViewCell.swift */ = {isa = PBXFileReference; lastKnownFileType = sourcecode.swift; path = ItemListTableViewCell.swift; sourceTree = "<group>"; };
		39934AEC1F6CA6A3000EFC36 /* ItemListCollectionViewCell.swift */ = {isa = PBXFileReference; lastKnownFileType = sourcecode.swift; path = ItemListCollectionViewCell.swift; sourceTree = "<group>"; };
		39934AEE1F6D38A5000EFC36 /* NavigatorService.swift */ = {isa = PBXFileReference; lastKnownFileType = sourcecode.swift; path = NavigatorService.swift; sourceTree = "<group>"; };
		39934AF41F6D6CF3000EFC36 /* ItemListViewController.swift */ = {isa = PBXFileReference; lastKnownFileType = sourcecode.swift; path = ItemListViewController.swift; sourceTree = "<group>"; };
		39934AF61F6DF4D6000EFC36 /* MovieDetailViewController.swift */ = {isa = PBXFileReference; lastKnownFileType = sourcecode.swift; path = MovieDetailViewController.swift; sourceTree = "<group>"; };
		39934AFC1F6DFC30000EFC36 /* PeopleDetailViewController.swift */ = {isa = PBXFileReference; lastKnownFileType = sourcecode.swift; path = PeopleDetailViewController.swift; sourceTree = "<group>"; };
		39934B051F6E04AC000EFC36 /* DiscoverTableViewCellViewModel.swift */ = {isa = PBXFileReference; fileEncoding = 4; lastKnownFileType = sourcecode.swift; path = DiscoverTableViewCellViewModel.swift; sourceTree = "<group>"; };
		39934B061F6E04AC000EFC36 /* ItemListCollectionViewCellViewModel.swift */ = {isa = PBXFileReference; fileEncoding = 4; lastKnownFileType = sourcecode.swift; path = ItemListCollectionViewCellViewModel.swift; sourceTree = "<group>"; };
		39934B091F6E04AC000EFC36 /* DiscoverViewModel.swift */ = {isa = PBXFileReference; fileEncoding = 4; lastKnownFileType = sourcecode.swift; path = DiscoverViewModel.swift; sourceTree = "<group>"; };
		39934B0A1F6E04AC000EFC36 /* MovieDetailViewModel.swift */ = {isa = PBXFileReference; fileEncoding = 4; lastKnownFileType = sourcecode.swift; path = MovieDetailViewModel.swift; sourceTree = "<group>"; };
		39934B0B1F6E04AC000EFC36 /* ItemListViewModel.swift */ = {isa = PBXFileReference; fileEncoding = 4; lastKnownFileType = sourcecode.swift; path = ItemListViewModel.swift; sourceTree = "<group>"; };
		39934B141F6E0527000EFC36 /* PopleDetailViewModel.swift */ = {isa = PBXFileReference; fileEncoding = 4; lastKnownFileType = sourcecode.swift; path = PopleDetailViewModel.swift; sourceTree = "<group>"; };
		39934B1B1F6E0714000EFC36 /* SearchViewModel.swift */ = {isa = PBXFileReference; lastKnownFileType = sourcecode.swift; path = SearchViewModel.swift; sourceTree = "<group>"; };
		39934B1D1F6E074C000EFC36 /* SearchModels.swift */ = {isa = PBXFileReference; lastKnownFileType = sourcecode.swift; path = SearchModels.swift; sourceTree = "<group>"; };
		39F6C9B61F6EA9170046B98C /* ItemListTableViewCellViewModel.swift */ = {isa = PBXFileReference; lastKnownFileType = sourcecode.swift; path = ItemListTableViewCellViewModel.swift; sourceTree = "<group>"; };
		5CA5A411A1BDBE0267E99DB5 /* Pods_MovieDisplay.framework */ = {isa = PBXFileReference; explicitFileType = wrapper.framework; includeInIndex = 0; path = Pods_MovieDisplay.framework; sourceTree = BUILT_PRODUCTS_DIR; };
		8511EF271F67CF6600485EDB /* MovieDisplay.app */ = {isa = PBXFileReference; explicitFileType = wrapper.application; includeInIndex = 0; path = MovieDisplay.app; sourceTree = BUILT_PRODUCTS_DIR; };
		8511EF311F67CF6600485EDB /* Assets.xcassets */ = {isa = PBXFileReference; lastKnownFileType = folder.assetcatalog; path = Assets.xcassets; sourceTree = "<group>"; };
		8511EF341F67CF6600485EDB /* Base */ = {isa = PBXFileReference; lastKnownFileType = file.storyboard; name = Base; path = Base.lproj/LaunchScreen.storyboard; sourceTree = "<group>"; };
		8511EF361F67CF6600485EDB /* Info.plist */ = {isa = PBXFileReference; lastKnownFileType = text.plist.xml; path = Info.plist; sourceTree = "<group>"; };
		8511EF3B1F67CF6700485EDB /* MovieDisplayTests.xctest */ = {isa = PBXFileReference; explicitFileType = wrapper.cfbundle; includeInIndex = 0; path = MovieDisplayTests.xctest; sourceTree = BUILT_PRODUCTS_DIR; };
		8511EF3F1F67CF6700485EDB /* MovieDisplayTests.swift */ = {isa = PBXFileReference; lastKnownFileType = sourcecode.swift; path = MovieDisplayTests.swift; sourceTree = "<group>"; };
		8511EF411F67CF6700485EDB /* Info.plist */ = {isa = PBXFileReference; lastKnownFileType = text.plist.xml; path = Info.plist; sourceTree = "<group>"; };
		8511EF511F67D19300485EDB /* AppDelegate.swift */ = {isa = PBXFileReference; fileEncoding = 4; lastKnownFileType = sourcecode.swift; path = AppDelegate.swift; sourceTree = "<group>"; };
		8511EF531F67D1BB00485EDB /* RootViewController.swift */ = {isa = PBXFileReference; fileEncoding = 4; lastKnownFileType = sourcecode.swift; path = RootViewController.swift; sourceTree = "<group>"; };
		8511EF5D1F67DE3D00485EDB /* Marco.swift */ = {isa = PBXFileReference; fileEncoding = 4; lastKnownFileType = sourcecode.swift; path = Marco.swift; sourceTree = "<group>"; };
		8511EF5F1F67E86500485EDB /* APIService.swift */ = {isa = PBXFileReference; fileEncoding = 4; lastKnownFileType = sourcecode.swift; path = APIService.swift; sourceTree = "<group>"; };
		852404711F72125600318F74 /* UIView+extension.swift */ = {isa = PBXFileReference; lastKnownFileType = sourcecode.swift; path = "UIView+extension.swift"; sourceTree = "<group>"; };
		8525F3751F7253CC003E96A0 /* OverviewTableViewCell.swift */ = {isa = PBXFileReference; lastKnownFileType = sourcecode.swift; path = OverviewTableViewCell.swift; sourceTree = "<group>"; };
		8525F3771F727087003E96A0 /* ViewItemModels.swift */ = {isa = PBXFileReference; lastKnownFileType = sourcecode.swift; path = ViewItemModels.swift; sourceTree = "<group>"; };
		85D980371F70F90C001AF3F4 /* BasicUIScrollViewController.swift */ = {isa = PBXFileReference; fileEncoding = 4; lastKnownFileType = sourcecode.swift; path = BasicUIScrollViewController.swift; sourceTree = "<group>"; };
		85E4EBDC1F6A2B200023ACBA /* Account.swift */ = {isa = PBXFileReference; lastKnownFileType = sourcecode.swift; path = Account.swift; sourceTree = "<group>"; };
		85E4EBDE1F6A2BAB0023ACBA /* Files.swift */ = {isa = PBXFileReference; lastKnownFileType = sourcecode.swift; path = Files.swift; sourceTree = "<group>"; };
		85E4EBE11F6A54670023ACBA /* WebViewController.swift */ = {isa = PBXFileReference; lastKnownFileType = sourcecode.swift; path = WebViewController.swift; sourceTree = "<group>"; };
		85E4EBE61F6A6A980023ACBA /* DiscoverViewController.swift */ = {isa = PBXFileReference; fileEncoding = 4; lastKnownFileType = sourcecode.swift; path = DiscoverViewController.swift; sourceTree = "<group>"; };
		85E4EBEC1F6A6AAD0023ACBA /* MyTMDbViewModel.swift */ = {isa = PBXFileReference; fileEncoding = 4; lastKnownFileType = sourcecode.swift; path = MyTMDbViewModel.swift; sourceTree = "<group>"; };
		85E4EBEE1F6A6AAE0023ACBA /* MyTMDbViewController.swift */ = {isa = PBXFileReference; fileEncoding = 4; lastKnownFileType = sourcecode.swift; path = MyTMDbViewController.swift; sourceTree = "<group>"; };
		85E4EBF61F6A6ABE0023ACBA /* SearchViewController.swift */ = {isa = PBXFileReference; fileEncoding = 4; lastKnownFileType = sourcecode.swift; path = SearchViewController.swift; sourceTree = "<group>"; };
		85E4EBFB1F6A6E8D0023ACBA /* DiscoverDataModels.swift */ = {isa = PBXFileReference; lastKnownFileType = sourcecode.swift; path = DiscoverDataModels.swift; sourceTree = "<group>"; };
		85E4EBFD1F6B611B0023ACBA /* DiscoverCollectionViewCell.swift */ = {isa = PBXFileReference; lastKnownFileType = sourcecode.swift; path = DiscoverCollectionViewCell.swift; sourceTree = "<group>"; };
		85E4EBFF1F6B64780023ACBA /* ImageUrl.swift */ = {isa = PBXFileReference; lastKnownFileType = sourcecode.swift; path = ImageUrl.swift; sourceTree = "<group>"; };
		85E4EC021F6B70A00023ACBA /* String+extension.swift */ = {isa = PBXFileReference; lastKnownFileType = sourcecode.swift; path = "String+extension.swift"; sourceTree = "<group>"; };
		85E4EC041F6B85060023ACBA /* DiscoverTableViewCell.swift */ = {isa = PBXFileReference; lastKnownFileType = sourcecode.swift; path = DiscoverTableViewCell.swift; sourceTree = "<group>"; };
		85E4EC071F6BB8C00023ACBA /* Protocols.swift */ = {isa = PBXFileReference; lastKnownFileType = sourcecode.swift; path = Protocols.swift; sourceTree = "<group>"; };
		85FF5C211F6901E700AEB846 /* ProgressView.swift */ = {isa = PBXFileReference; fileEncoding = 4; lastKnownFileType = sourcecode.swift; path = ProgressView.swift; sourceTree = "<group>"; };
		C2B714C90C0C1EAE6D28F2BD /* Pods-MovieDisplay.release.xcconfig */ = {isa = PBXFileReference; includeInIndex = 1; lastKnownFileType = text.xcconfig; name = "Pods-MovieDisplay.release.xcconfig"; path = "Pods/Target Support Files/Pods-MovieDisplay/Pods-MovieDisplay.release.xcconfig"; sourceTree = "<group>"; };
/* End PBXFileReference section */

/* Begin PBXFrameworksBuildPhase section */
		8511EF241F67CF6600485EDB /* Frameworks */ = {
			isa = PBXFrameworksBuildPhase;
			buildActionMask = 2147483647;
			files = (
				F7DC5C2987259128B940ABBE /* Pods_MovieDisplay.framework in Frameworks */,
			);
			runOnlyForDeploymentPostprocessing = 0;
		};
		8511EF381F67CF6700485EDB /* Frameworks */ = {
			isa = PBXFrameworksBuildPhase;
			buildActionMask = 2147483647;
			files = (
			);
			runOnlyForDeploymentPostprocessing = 0;
		};
/* End PBXFrameworksBuildPhase section */

/* Begin PBXGroup section */
		39934B041F6E04AC000EFC36 /* ViewViewModel */ = {
			isa = PBXGroup;
			children = (
				39934B051F6E04AC000EFC36 /* DiscoverTableViewCellViewModel.swift */,
				39934B061F6E04AC000EFC36 /* ItemListCollectionViewCellViewModel.swift */,
				39F6C9B61F6EA9170046B98C /* ItemListTableViewCellViewModel.swift */,
			);
			path = ViewViewModel;
			sourceTree = "<group>";
		};
		39934B081F6E04AC000EFC36 /* ConViewModel */ = {
			isa = PBXGroup;
			children = (
				39934B091F6E04AC000EFC36 /* DiscoverViewModel.swift */,
				39934B0A1F6E04AC000EFC36 /* MovieDetailViewModel.swift */,
				39934B0B1F6E04AC000EFC36 /* ItemListViewModel.swift */,
				39934B141F6E0527000EFC36 /* PopleDetailViewModel.swift */,
			);
			path = ConViewModel;
			sourceTree = "<group>";
		};
		39934B161F6E06E1000EFC36 /* Models */ = {
			isa = PBXGroup;
			children = (
			);
			path = Models;
			sourceTree = "<group>";
		};
		39934B171F6E06E1000EFC36 /* Views */ = {
			isa = PBXGroup;
			children = (
			);
			path = Views;
			sourceTree = "<group>";
		};
		39934B181F6E06EF000EFC36 /* ViewModels */ = {
			isa = PBXGroup;
			children = (
				39934B1B1F6E0714000EFC36 /* SearchViewModel.swift */,
			);
			path = ViewModels;
			sourceTree = "<group>";
		};
		39934B191F6E06EF000EFC36 /* Views */ = {
			isa = PBXGroup;
			children = (
			);
			path = Views;
			sourceTree = "<group>";
		};
		39934B1A1F6E06EF000EFC36 /* Models */ = {
			isa = PBXGroup;
			children = (
				39934B1D1F6E074C000EFC36 /* SearchModels.swift */,
			);
			path = Models;
			sourceTree = "<group>";
		};
		405CD2FA011770922EB7F1F4 /* Pods */ = {
			isa = PBXGroup;
			children = (
				2107E7863284BD1E71A394A5 /* Pods-MovieDisplay.debug.xcconfig */,
				C2B714C90C0C1EAE6D28F2BD /* Pods-MovieDisplay.release.xcconfig */,
			);
			name = Pods;
			sourceTree = "<group>";
		};
		53402BE9407D560F9C32E632 /* Frameworks */ = {
			isa = PBXGroup;
			children = (
				5CA5A411A1BDBE0267E99DB5 /* Pods_MovieDisplay.framework */,
			);
			name = Frameworks;
			sourceTree = "<group>";
		};
		8511EF1E1F67CF6600485EDB = {
			isa = PBXGroup;
			children = (
				8511EF291F67CF6600485EDB /* MovieDisplay */,
				8511EF3E1F67CF6700485EDB /* MovieDisplayTests */,
				8511EF281F67CF6600485EDB /* Products */,
				405CD2FA011770922EB7F1F4 /* Pods */,
				53402BE9407D560F9C32E632 /* Frameworks */,
			);
			sourceTree = "<group>";
		};
		8511EF281F67CF6600485EDB /* Products */ = {
			isa = PBXGroup;
			children = (
				8511EF271F67CF6600485EDB /* MovieDisplay.app */,
				8511EF3B1F67CF6700485EDB /* MovieDisplayTests.xctest */,
			);
			name = Products;
			sourceTree = "<group>";
		};
		8511EF291F67CF6600485EDB /* MovieDisplay */ = {
			isa = PBXGroup;
			children = (
				8511EF501F67D19300485EDB /* System */,
				8511EF4A1F67D19300485EDB /* General */,
				8511EF4B1F67D19300485EDB /* Marco */,
				8511EF4C1F67D19300485EDB /* Sections */,
				8511EF311F67CF6600485EDB /* Assets.xcassets */,
				8511EF331F67CF6600485EDB /* LaunchScreen.storyboard */,
				8511EF361F67CF6600485EDB /* Info.plist */,
			);
			path = MovieDisplay;
			sourceTree = "<group>";
		};
		8511EF3E1F67CF6700485EDB /* MovieDisplayTests */ = {
			isa = PBXGroup;
			children = (
				8511EF3F1F67CF6700485EDB /* MovieDisplayTests.swift */,
				8511EF411F67CF6700485EDB /* Info.plist */,
			);
			path = MovieDisplayTests;
			sourceTree = "<group>";
		};
		8511EF4A1F67D19300485EDB /* General */ = {
			isa = PBXGroup;
			children = (
				8511EF5F1F67E86500485EDB /* APIService.swift */,
				39934AEE1F6D38A5000EFC36 /* NavigatorService.swift */,
				85E4EBFF1F6B64780023ACBA /* ImageUrl.swift */,
				85FF5C211F6901E700AEB846 /* ProgressView.swift */,
				85E4EBDC1F6A2B200023ACBA /* Account.swift */,
				85E4EBDE1F6A2BAB0023ACBA /* Files.swift */,
				85E4EC061F6BB8B30023ACBA /* Protocols */,
				85E4EC011F6B70860023ACBA /* Extensions */,
				85E4EBE01F6A544B0023ACBA /* ViewControllers */,
			);
			path = General;
			sourceTree = "<group>";
		};
		8511EF4B1F67D19300485EDB /* Marco */ = {
			isa = PBXGroup;
			children = (
				8511EF5D1F67DE3D00485EDB /* Marco.swift */,
			);
			path = Marco;
			sourceTree = "<group>";
		};
		8511EF4C1F67D19300485EDB /* Sections */ = {
			isa = PBXGroup;
			children = (
				8511EF4D1F67D19300485EDB /* DiscoverSection */,
				8511EF4E1F67D19300485EDB /* MyTMDbSection */,
				8511EF4F1F67D19300485EDB /* SearchSection */,
			);
			path = Sections;
			sourceTree = "<group>";
		};
		8511EF4D1F67D19300485EDB /* DiscoverSection */ = {
			isa = PBXGroup;
			children = (
				85E4EBE31F6A6A970023ACBA /* Models */,
				85E4EBE51F6A6A980023ACBA /* ViewControllers */,
				85E4EBE71F6A6A980023ACBA /* ViewModels */,
				85E4EBE41F6A6A970023ACBA /* Views */,
			);
			path = DiscoverSection;
			sourceTree = "<group>";
		};
		8511EF4E1F67D19300485EDB /* MyTMDbSection */ = {
			isa = PBXGroup;
			children = (
				85E4EBED1F6A6AAE0023ACBA /* ViewControllers */,
				85E4EBEB1F6A6AAD0023ACBA /* ViewModels */,
				39934B161F6E06E1000EFC36 /* Models */,
				39934B171F6E06E1000EFC36 /* Views */,
			);
			path = MyTMDbSection;
			sourceTree = "<group>";
		};
		8511EF4F1F67D19300485EDB /* SearchSection */ = {
			isa = PBXGroup;
			children = (
				85E4EBF51F6A6ABE0023ACBA /* ViewControllers */,
				39934B181F6E06EF000EFC36 /* ViewModels */,
				39934B1A1F6E06EF000EFC36 /* Models */,
				39934B191F6E06EF000EFC36 /* Views */,
			);
			path = SearchSection;
			sourceTree = "<group>";
		};
		8511EF501F67D19300485EDB /* System */ = {
			isa = PBXGroup;
			children = (
				8511EF511F67D19300485EDB /* AppDelegate.swift */,
				8511EF531F67D1BB00485EDB /* RootViewController.swift */,
				85D980371F70F90C001AF3F4 /* BasicUIScrollViewController.swift */,
			);
			path = System;
			sourceTree = "<group>";
		};
		85E4EBE01F6A544B0023ACBA /* ViewControllers */ = {
			isa = PBXGroup;
			children = (
				85E4EBE11F6A54670023ACBA /* WebViewController.swift */,
			);
			path = ViewControllers;
			sourceTree = "<group>";
		};
		85E4EBE31F6A6A970023ACBA /* Models */ = {
			isa = PBXGroup;
			children = (
				85E4EBFB1F6A6E8D0023ACBA /* DiscoverDataModels.swift */,
				8525F3771F727087003E96A0 /* ViewItemModels.swift */,
			);
			path = Models;
			sourceTree = "<group>";
		};
		85E4EBE41F6A6A970023ACBA /* Views */ = {
			isa = PBXGroup;
			children = (
				85E4EBFD1F6B611B0023ACBA /* DiscoverCollectionViewCell.swift */,
				85E4EC041F6B85060023ACBA /* DiscoverTableViewCell.swift */,
				39934AEC1F6CA6A3000EFC36 /* ItemListCollectionViewCell.swift */,
				3956EE751F6EA76200A7C70B /* ItemListTableViewCell.swift */,
				8525F3751F7253CC003E96A0 /* OverviewTableViewCell.swift */,
			);
			path = Views;
			sourceTree = "<group>";
		};
		85E4EBE51F6A6A980023ACBA /* ViewControllers */ = {
			isa = PBXGroup;
			children = (
				85E4EBE61F6A6A980023ACBA /* DiscoverViewController.swift */,
				39934AF41F6D6CF3000EFC36 /* ItemListViewController.swift */,
				39934AF61F6DF4D6000EFC36 /* MovieDetailViewController.swift */,
				39934AFC1F6DFC30000EFC36 /* PeopleDetailViewController.swift */,
			);
			path = ViewControllers;
			sourceTree = "<group>";
		};
		85E4EBE71F6A6A980023ACBA /* ViewModels */ = {
			isa = PBXGroup;
			children = (
				39934B081F6E04AC000EFC36 /* ConViewModel */,
				39934B041F6E04AC000EFC36 /* ViewViewModel */,
			);
			path = ViewModels;
			sourceTree = "<group>";
		};
		85E4EBEB1F6A6AAD0023ACBA /* ViewModels */ = {
			isa = PBXGroup;
			children = (
				85E4EBEC1F6A6AAD0023ACBA /* MyTMDbViewModel.swift */,
			);
			path = ViewModels;
			sourceTree = "<group>";
		};
		85E4EBED1F6A6AAE0023ACBA /* ViewControllers */ = {
			isa = PBXGroup;
			children = (
				85E4EBEE1F6A6AAE0023ACBA /* MyTMDbViewController.swift */,
			);
			path = ViewControllers;
			sourceTree = "<group>";
		};
		85E4EBF51F6A6ABE0023ACBA /* ViewControllers */ = {
			isa = PBXGroup;
			children = (
				85E4EBF61F6A6ABE0023ACBA /* SearchViewController.swift */,
			);
			path = ViewControllers;
			sourceTree = "<group>";
		};
		85E4EC011F6B70860023ACBA /* Extensions */ = {
			isa = PBXGroup;
			children = (
				85E4EC021F6B70A00023ACBA /* String+extension.swift */,
				852404711F72125600318F74 /* UIView+extension.swift */,
			);
			path = Extensions;
			sourceTree = "<group>";
		};
		85E4EC061F6BB8B30023ACBA /* Protocols */ = {
			isa = PBXGroup;
			children = (
				85E4EC071F6BB8C00023ACBA /* Protocols.swift */,
			);
			path = Protocols;
			sourceTree = "<group>";
		};
/* End PBXGroup section */

/* Begin PBXNativeTarget section */
		8511EF261F67CF6600485EDB /* MovieDisplay */ = {
			isa = PBXNativeTarget;
			buildConfigurationList = 8511EF441F67CF6700485EDB /* Build configuration list for PBXNativeTarget "MovieDisplay" */;
			buildPhases = (
				DC6EAD5BEF88FFAAADABC171 /* [CP] Check Pods Manifest.lock */,
				8511EF231F67CF6600485EDB /* Sources */,
				8511EF241F67CF6600485EDB /* Frameworks */,
				8511EF251F67CF6600485EDB /* Resources */,
				9F8330B0203F4FA37D4FCFC1 /* [CP] Embed Pods Frameworks */,
				627CAC0506F4B5E0140E5B63 /* [CP] Copy Pods Resources */,
			);
			buildRules = (
			);
			dependencies = (
			);
			name = MovieDisplay;
			productName = MovieDisplay;
			productReference = 8511EF271F67CF6600485EDB /* MovieDisplay.app */;
			productType = "com.apple.product-type.application";
		};
		8511EF3A1F67CF6700485EDB /* MovieDisplayTests */ = {
			isa = PBXNativeTarget;
			buildConfigurationList = 8511EF471F67CF6700485EDB /* Build configuration list for PBXNativeTarget "MovieDisplayTests" */;
			buildPhases = (
				8511EF371F67CF6700485EDB /* Sources */,
				8511EF381F67CF6700485EDB /* Frameworks */,
				8511EF391F67CF6700485EDB /* Resources */,
			);
			buildRules = (
			);
			dependencies = (
				8511EF3D1F67CF6700485EDB /* PBXTargetDependency */,
			);
			name = MovieDisplayTests;
			productName = MovieDisplayTests;
			productReference = 8511EF3B1F67CF6700485EDB /* MovieDisplayTests.xctest */;
			productType = "com.apple.product-type.bundle.unit-test";
		};
/* End PBXNativeTarget section */

/* Begin PBXProject section */
		8511EF1F1F67CF6600485EDB /* Project object */ = {
			isa = PBXProject;
			attributes = {
				LastSwiftUpdateCheck = 0830;
				LastUpgradeCheck = 0900;
				ORGANIZATIONNAME = cyt;
				TargetAttributes = {
					8511EF261F67CF6600485EDB = {
						CreatedOnToolsVersion = 8.3.3;
						DevelopmentTeam = A9U23ZY9CQ;
						ProvisioningStyle = Automatic;
					};
					8511EF3A1F67CF6700485EDB = {
						CreatedOnToolsVersion = 8.3.3;
						DevelopmentTeam = A9U23ZY9CQ;
						ProvisioningStyle = Automatic;
						TestTargetID = 8511EF261F67CF6600485EDB;
					};
				};
			};
			buildConfigurationList = 8511EF221F67CF6600485EDB /* Build configuration list for PBXProject "MovieDisplay" */;
			compatibilityVersion = "Xcode 3.2";
			developmentRegion = English;
			hasScannedForEncodings = 0;
			knownRegions = (
				en,
				Base,
			);
			mainGroup = 8511EF1E1F67CF6600485EDB;
			productRefGroup = 8511EF281F67CF6600485EDB /* Products */;
			projectDirPath = "";
			projectRoot = "";
			targets = (
				8511EF261F67CF6600485EDB /* MovieDisplay */,
				8511EF3A1F67CF6700485EDB /* MovieDisplayTests */,
			);
		};
/* End PBXProject section */

/* Begin PBXResourcesBuildPhase section */
		8511EF251F67CF6600485EDB /* Resources */ = {
			isa = PBXResourcesBuildPhase;
			buildActionMask = 2147483647;
			files = (
				8511EF351F67CF6600485EDB /* LaunchScreen.storyboard in Resources */,
				8511EF321F67CF6600485EDB /* Assets.xcassets in Resources */,
			);
			runOnlyForDeploymentPostprocessing = 0;
		};
		8511EF391F67CF6700485EDB /* Resources */ = {
			isa = PBXResourcesBuildPhase;
			buildActionMask = 2147483647;
			files = (
			);
			runOnlyForDeploymentPostprocessing = 0;
		};
/* End PBXResourcesBuildPhase section */

/* Begin PBXShellScriptBuildPhase section */
		627CAC0506F4B5E0140E5B63 /* [CP] Copy Pods Resources */ = {
			isa = PBXShellScriptBuildPhase;
			buildActionMask = 2147483647;
			files = (
			);
			inputPaths = (
			);
			name = "[CP] Copy Pods Resources";
			outputPaths = (
			);
			runOnlyForDeploymentPostprocessing = 0;
			shellPath = /bin/sh;
			shellScript = "\"${SRCROOT}/Pods/Target Support Files/Pods-MovieDisplay/Pods-MovieDisplay-resources.sh\"\n";
			showEnvVarsInLog = 0;
		};
		9F8330B0203F4FA37D4FCFC1 /* [CP] Embed Pods Frameworks */ = {
			isa = PBXShellScriptBuildPhase;
			buildActionMask = 2147483647;
			files = (
			);
			inputPaths = (
			);
			name = "[CP] Embed Pods Frameworks";
			outputPaths = (
			);
			runOnlyForDeploymentPostprocessing = 0;
			shellPath = /bin/sh;
			shellScript = "\"${SRCROOT}/Pods/Target Support Files/Pods-MovieDisplay/Pods-MovieDisplay-frameworks.sh\"\n";
			showEnvVarsInLog = 0;
		};
		DC6EAD5BEF88FFAAADABC171 /* [CP] Check Pods Manifest.lock */ = {
			isa = PBXShellScriptBuildPhase;
			buildActionMask = 2147483647;
			files = (
			);
			inputPaths = (
			);
			name = "[CP] Check Pods Manifest.lock";
			outputPaths = (
			);
			runOnlyForDeploymentPostprocessing = 0;
			shellPath = /bin/sh;
			shellScript = "diff \"${PODS_ROOT}/../Podfile.lock\" \"${PODS_ROOT}/Manifest.lock\" > /dev/null\nif [ $? != 0 ] ; then\n    # print error to STDERR\n    echo \"error: The sandbox is not in sync with the Podfile.lock. Run 'pod install' or update your CocoaPods installation.\" >&2\n    exit 1\nfi\n";
			showEnvVarsInLog = 0;
		};
/* End PBXShellScriptBuildPhase section */

/* Begin PBXSourcesBuildPhase section */
		8511EF231F67CF6600485EDB /* Sources */ = {
			isa = PBXSourcesBuildPhase;
			buildActionMask = 2147483647;
			files = (
				85E4EBDD1F6A2B200023ACBA /* Account.swift in Sources */,
				39934AED1F6CA6A3000EFC36 /* ItemListCollectionViewCell.swift in Sources */,
				39934B0E1F6E04AD000EFC36 /* ItemListCollectionViewCellViewModel.swift in Sources */,
				8511EF5E1F67DE3D00485EDB /* Marco.swift in Sources */,
				39934AF51F6D6CF3000EFC36 /* ItemListViewController.swift in Sources */,
				39934AFD1F6DFC30000EFC36 /* PeopleDetailViewController.swift in Sources */,
				85E4EC051F6B85060023ACBA /* DiscoverTableViewCell.swift in Sources */,
				39934B111F6E04AD000EFC36 /* MovieDetailViewModel.swift in Sources */,
				85E4EBFC1F6A6E8D0023ACBA /* DiscoverDataModels.swift in Sources */,
				39934AEF1F6D38A5000EFC36 /* NavigatorService.swift in Sources */,
				852404721F72125600318F74 /* UIView+extension.swift in Sources */,
				85E4EBDF1F6A2BAB0023ACBA /* Files.swift in Sources */,
				8511EF541F67D1BB00485EDB /* RootViewController.swift in Sources */,
				39934B121F6E04AD000EFC36 /* ItemListViewModel.swift in Sources */,
				85E4EC031F6B70A00023ACBA /* String+extension.swift in Sources */,
				8511EF601F67E86500485EDB /* APIService.swift in Sources */,
				85E4EBE91F6A6A980023ACBA /* DiscoverViewController.swift in Sources */,
				39934B101F6E04AD000EFC36 /* DiscoverViewModel.swift in Sources */,
				39934B1C1F6E0714000EFC36 /* SearchViewModel.swift in Sources */,
				8525F3781F727087003E96A0 /* ViewItemModels.swift in Sources */,
				85E4EC081F6BB8C00023ACBA /* Protocols.swift in Sources */,
				39934B151F6E0527000EFC36 /* PopleDetailViewModel.swift in Sources */,
				85E4EBF11F6A6AAE0023ACBA /* MyTMDbViewModel.swift in Sources */,
				39934AF71F6DF4D6000EFC36 /* MovieDetailViewController.swift in Sources */,
				85E4EBF81F6A6ABF0023ACBA /* SearchViewController.swift in Sources */,
				3956EE761F6EA76200A7C70B /* ItemListTableViewCell.swift in Sources */,
				85D980391F70F90D001AF3F4 /* BasicUIScrollViewController.swift in Sources */,
				85E4EBFE1F6B611B0023ACBA /* DiscoverCollectionViewCell.swift in Sources */,
				8511EF521F67D19300485EDB /* AppDelegate.swift in Sources */,
				8525F3761F7253CC003E96A0 /* OverviewTableViewCell.swift in Sources */,
				85E4EBF21F6A6AAE0023ACBA /* MyTMDbViewController.swift in Sources */,
				85E4EBE21F6A54670023ACBA /* WebViewController.swift in Sources */,
				39934B1E1F6E074C000EFC36 /* SearchModels.swift in Sources */,
				39934B0D1F6E04AD000EFC36 /* DiscoverTableViewCellViewModel.swift in Sources */,
				39F6C9B71F6EA9170046B98C /* ItemListTableViewCellViewModel.swift in Sources */,
				85FF5C221F6901E700AEB846 /* ProgressView.swift in Sources */,
				85E4EC001F6B64780023ACBA /* ImageUrl.swift in Sources */,
			);
			runOnlyForDeploymentPostprocessing = 0;
		};
		8511EF371F67CF6700485EDB /* Sources */ = {
			isa = PBXSourcesBuildPhase;
			buildActionMask = 2147483647;
			files = (
				8511EF401F67CF6700485EDB /* MovieDisplayTests.swift in Sources */,
			);
			runOnlyForDeploymentPostprocessing = 0;
		};
/* End PBXSourcesBuildPhase section */

/* Begin PBXTargetDependency section */
		8511EF3D1F67CF6700485EDB /* PBXTargetDependency */ = {
			isa = PBXTargetDependency;
			target = 8511EF261F67CF6600485EDB /* MovieDisplay */;
			targetProxy = 8511EF3C1F67CF6700485EDB /* PBXContainerItemProxy */;
		};
/* End PBXTargetDependency section */

/* Begin PBXVariantGroup section */
		8511EF331F67CF6600485EDB /* LaunchScreen.storyboard */ = {
			isa = PBXVariantGroup;
			children = (
				8511EF341F67CF6600485EDB /* Base */,
			);
			name = LaunchScreen.storyboard;
			sourceTree = "<group>";
		};
/* End PBXVariantGroup section */

/* Begin XCBuildConfiguration section */
		8511EF421F67CF6700485EDB /* Debug */ = {
			isa = XCBuildConfiguration;
			buildSettings = {
				ALWAYS_SEARCH_USER_PATHS = NO;
				CLANG_ANALYZER_NONNULL = YES;
				CLANG_ANALYZER_NUMBER_OBJECT_CONVERSION = YES_AGGRESSIVE;
				CLANG_CXX_LANGUAGE_STANDARD = "gnu++0x";
				CLANG_CXX_LIBRARY = "libc++";
				CLANG_ENABLE_MODULES = YES;
				CLANG_ENABLE_OBJC_ARC = YES;
				CLANG_WARN_BLOCK_CAPTURE_AUTORELEASING = YES;
				CLANG_WARN_BOOL_CONVERSION = YES;
				CLANG_WARN_COMMA = YES;
				CLANG_WARN_CONSTANT_CONVERSION = YES;
				CLANG_WARN_DIRECT_OBJC_ISA_USAGE = YES_ERROR;
				CLANG_WARN_DOCUMENTATION_COMMENTS = YES;
				CLANG_WARN_EMPTY_BODY = YES;
				CLANG_WARN_ENUM_CONVERSION = YES;
				CLANG_WARN_INFINITE_RECURSION = YES;
				CLANG_WARN_INT_CONVERSION = YES;
				CLANG_WARN_NON_LITERAL_NULL_CONVERSION = YES;
				CLANG_WARN_OBJC_LITERAL_CONVERSION = YES;
				CLANG_WARN_OBJC_ROOT_CLASS = YES_ERROR;
				CLANG_WARN_RANGE_LOOP_ANALYSIS = YES;
				CLANG_WARN_STRICT_PROTOTYPES = YES;
				CLANG_WARN_SUSPICIOUS_MOVE = YES;
				CLANG_WARN_UNREACHABLE_CODE = YES;
				CLANG_WARN__DUPLICATE_METHOD_MATCH = YES;
				"CODE_SIGN_IDENTITY[sdk=iphoneos*]" = "iPhone Developer";
				COPY_PHASE_STRIP = NO;
				DEBUG_INFORMATION_FORMAT = dwarf;
				ENABLE_STRICT_OBJC_MSGSEND = YES;
				ENABLE_TESTABILITY = YES;
				GCC_C_LANGUAGE_STANDARD = gnu99;
				GCC_DYNAMIC_NO_PIC = NO;
				GCC_NO_COMMON_BLOCKS = YES;
				GCC_OPTIMIZATION_LEVEL = 0;
				GCC_PREPROCESSOR_DEFINITIONS = (
					"DEBUG=1",
					"$(inherited)",
				);
				GCC_WARN_64_TO_32_BIT_CONVERSION = YES;
				GCC_WARN_ABOUT_RETURN_TYPE = YES_ERROR;
				GCC_WARN_UNDECLARED_SELECTOR = YES;
				GCC_WARN_UNINITIALIZED_AUTOS = YES_AGGRESSIVE;
				GCC_WARN_UNUSED_FUNCTION = YES;
				GCC_WARN_UNUSED_VARIABLE = YES;
				IPHONEOS_DEPLOYMENT_TARGET = 10.3;
				MTL_ENABLE_DEBUG_INFO = YES;
				ONLY_ACTIVE_ARCH = YES;
				SDKROOT = iphoneos;
				SWIFT_ACTIVE_COMPILATION_CONDITIONS = DEBUG;
				SWIFT_OPTIMIZATION_LEVEL = "-Onone";
			};
			name = Debug;
		};
		8511EF431F67CF6700485EDB /* Release */ = {
			isa = XCBuildConfiguration;
			buildSettings = {
				ALWAYS_SEARCH_USER_PATHS = NO;
				CLANG_ANALYZER_NONNULL = YES;
				CLANG_ANALYZER_NUMBER_OBJECT_CONVERSION = YES_AGGRESSIVE;
				CLANG_CXX_LANGUAGE_STANDARD = "gnu++0x";
				CLANG_CXX_LIBRARY = "libc++";
				CLANG_ENABLE_MODULES = YES;
				CLANG_ENABLE_OBJC_ARC = YES;
				CLANG_WARN_BLOCK_CAPTURE_AUTORELEASING = YES;
				CLANG_WARN_BOOL_CONVERSION = YES;
				CLANG_WARN_COMMA = YES;
				CLANG_WARN_CONSTANT_CONVERSION = YES;
				CLANG_WARN_DIRECT_OBJC_ISA_USAGE = YES_ERROR;
				CLANG_WARN_DOCUMENTATION_COMMENTS = YES;
				CLANG_WARN_EMPTY_BODY = YES;
				CLANG_WARN_ENUM_CONVERSION = YES;
				CLANG_WARN_INFINITE_RECURSION = YES;
				CLANG_WARN_INT_CONVERSION = YES;
				CLANG_WARN_NON_LITERAL_NULL_CONVERSION = YES;
				CLANG_WARN_OBJC_LITERAL_CONVERSION = YES;
				CLANG_WARN_OBJC_ROOT_CLASS = YES_ERROR;
				CLANG_WARN_RANGE_LOOP_ANALYSIS = YES;
				CLANG_WARN_STRICT_PROTOTYPES = YES;
				CLANG_WARN_SUSPICIOUS_MOVE = YES;
				CLANG_WARN_UNREACHABLE_CODE = YES;
				CLANG_WARN__DUPLICATE_METHOD_MATCH = YES;
				"CODE_SIGN_IDENTITY[sdk=iphoneos*]" = "iPhone Developer";
				COPY_PHASE_STRIP = NO;
				DEBUG_INFORMATION_FORMAT = "dwarf-with-dsym";
				ENABLE_NS_ASSERTIONS = NO;
				ENABLE_STRICT_OBJC_MSGSEND = YES;
				GCC_C_LANGUAGE_STANDARD = gnu99;
				GCC_NO_COMMON_BLOCKS = YES;
				GCC_WARN_64_TO_32_BIT_CONVERSION = YES;
				GCC_WARN_ABOUT_RETURN_TYPE = YES_ERROR;
				GCC_WARN_UNDECLARED_SELECTOR = YES;
				GCC_WARN_UNINITIALIZED_AUTOS = YES_AGGRESSIVE;
				GCC_WARN_UNUSED_FUNCTION = YES;
				GCC_WARN_UNUSED_VARIABLE = YES;
				IPHONEOS_DEPLOYMENT_TARGET = 10.3;
				MTL_ENABLE_DEBUG_INFO = NO;
				SDKROOT = iphoneos;
				SWIFT_OPTIMIZATION_LEVEL = "-Owholemodule";
				VALIDATE_PRODUCT = YES;
			};
			name = Release;
		};
		8511EF451F67CF6700485EDB /* Debug */ = {
			isa = XCBuildConfiguration;
			baseConfigurationReference = 2107E7863284BD1E71A394A5 /* Pods-MovieDisplay.debug.xcconfig */;
			buildSettings = {
				ASSETCATALOG_COMPILER_APPICON_NAME = AppIcon;
				DEVELOPMENT_TEAM = A9U23ZY9CQ;
				INFOPLIST_FILE = MovieDisplay/Info.plist;
				LD_RUNPATH_SEARCH_PATHS = "$(inherited) @executable_path/Frameworks";
				PRODUCT_BUNDLE_IDENTIFIER = com.cocoaleeo.MovieDisplay;
				PRODUCT_NAME = "$(TARGET_NAME)";
				SWIFT_VERSION = 3.0;
			};
			name = Debug;
		};
		8511EF461F67CF6700485EDB /* Release */ = {
			isa = XCBuildConfiguration;
			baseConfigurationReference = C2B714C90C0C1EAE6D28F2BD /* Pods-MovieDisplay.release.xcconfig */;
			buildSettings = {
				ASSETCATALOG_COMPILER_APPICON_NAME = AppIcon;
				DEVELOPMENT_TEAM = A9U23ZY9CQ;
				INFOPLIST_FILE = MovieDisplay/Info.plist;
				LD_RUNPATH_SEARCH_PATHS = "$(inherited) @executable_path/Frameworks";
				PRODUCT_BUNDLE_IDENTIFIER = com.cocoaleeo.MovieDisplay;
				PRODUCT_NAME = "$(TARGET_NAME)";
				SWIFT_VERSION = 3.0;
			};
			name = Release;
		};
		8511EF481F67CF6700485EDB /* Debug */ = {
			isa = XCBuildConfiguration;
			buildSettings = {
				ALWAYS_EMBED_SWIFT_STANDARD_LIBRARIES = YES;
				BUNDLE_LOADER = "$(TEST_HOST)";
				DEVELOPMENT_TEAM = A9U23ZY9CQ;
				INFOPLIST_FILE = MovieDisplayTests/Info.plist;
				LD_RUNPATH_SEARCH_PATHS = "$(inherited) @executable_path/Frameworks @loader_path/Frameworks";
				PRODUCT_BUNDLE_IDENTIFIER = com.cocoaleeo.MovieDisplayTests;
				PRODUCT_NAME = "$(TARGET_NAME)";
				SWIFT_VERSION = 3.0;
				TEST_HOST = "$(BUILT_PRODUCTS_DIR)/MovieDisplay.app/MovieDisplay";
			};
			name = Debug;
		};
		8511EF491F67CF6700485EDB /* Release */ = {
			isa = XCBuildConfiguration;
			buildSettings = {
				ALWAYS_EMBED_SWIFT_STANDARD_LIBRARIES = YES;
				BUNDLE_LOADER = "$(TEST_HOST)";
				DEVELOPMENT_TEAM = A9U23ZY9CQ;
				INFOPLIST_FILE = MovieDisplayTests/Info.plist;
				LD_RUNPATH_SEARCH_PATHS = "$(inherited) @executable_path/Frameworks @loader_path/Frameworks";
				PRODUCT_BUNDLE_IDENTIFIER = com.cocoaleeo.MovieDisplayTests;
				PRODUCT_NAME = "$(TARGET_NAME)";
				SWIFT_VERSION = 3.0;
				TEST_HOST = "$(BUILT_PRODUCTS_DIR)/MovieDisplay.app/MovieDisplay";
			};
			name = Release;
		};
/* End XCBuildConfiguration section */

/* Begin XCConfigurationList section */
		8511EF221F67CF6600485EDB /* Build configuration list for PBXProject "MovieDisplay" */ = {
			isa = XCConfigurationList;
			buildConfigurations = (
				8511EF421F67CF6700485EDB /* Debug */,
				8511EF431F67CF6700485EDB /* Release */,
			);
			defaultConfigurationIsVisible = 0;
			defaultConfigurationName = Release;
		};
		8511EF441F67CF6700485EDB /* Build configuration list for PBXNativeTarget "MovieDisplay" */ = {
			isa = XCConfigurationList;
			buildConfigurations = (
				8511EF451F67CF6700485EDB /* Debug */,
				8511EF461F67CF6700485EDB /* Release */,
			);
			defaultConfigurationIsVisible = 0;
			defaultConfigurationName = Release;
		};
		8511EF471F67CF6700485EDB /* Build configuration list for PBXNativeTarget "MovieDisplayTests" */ = {
			isa = XCConfigurationList;
			buildConfigurations = (
				8511EF481F67CF6700485EDB /* Debug */,
				8511EF491F67CF6700485EDB /* Release */,
			);
			defaultConfigurationIsVisible = 0;
			defaultConfigurationName = Release;
		};
/* End XCConfigurationList section */
	};
	rootObject = 8511EF1F1F67CF6600485EDB /* Project object */;
}
