PODS:
  - Alamofire (4.4.0)
  - Kingfisher (3.5.2)
  - Moya/Core (8.0.3):
    - Alamofire (~> 4.1)
    - Result (~> 3.0)
  - Moya/RxSwift (8.0.3):
    - Moya/Core
    - RxSwift (~> 3.0)
  - Result (3.2.1)
  - RxCocoa (3.3.1):
    - RxSwift (~> 3.3)
  - RxSwift (3.3.1)
  - SnapKit (3.2.0)
  - youtube-ios-player-helper (0.1.6)

DEPENDENCIES:
  - Kingfisher
  - Moya/RxSwift
  - RxCocoa
  - SnapKit
  - youtube-ios-player-helper (~> 0.1.6)

SPEC CHECKSUMS:
  Alamofire: dc44b1600b800eb63da6a19039a0083d62a6a62d
  Kingfisher: 9950e382c500b6834ce004c7c4131c444e90c3a1
  Moya: d3721622e3cc0cc2f038d69a258686f0b66e7252
  Result: 2453a22e5c5b11c0c3a478736e82cd02f763b781
  RxCocoa: 7dcb7a1860fc9cd0e23dae67ab105fc2916670b6
  RxSwift: 8fc9f2de6275a9101d518444e00bf32f1a42caac
  SnapKit: 1ca44df72cfa543218d177cb8aab029d10d86ea7
  youtube-ios-player-helper: 21ab92db027c7ff86cb17a3843a3f6eafc8158d2

PODFILE CHECKSUM: af19491055bc5038038842ea5d332e91b254d7fa

COCOAPODS: 1.2.0
